
Microsoft Visual Studio Solution File, Format Version 12.00
# Visual Studio Version 17
VisualStudioVersion = 17.5.002.0
MinimumVisualStudioVersion = 10.0.40219.1
Project("{9A19103F-16F7-4668-BE54-9A1E7A4F7556}") = "gregslist_csharp", "gregslist_csharp.csproj", "{5C1CDCA9-B4A0-4577-81E4-AE409CE0561A}"
EndProject
Global
	GlobalSection(SolutionConfigurationPlatforms) = preSolution
		Debug|Any CPU = Debug|Any CPU
		Release|Any CPU = Release|Any CPU
	EndGlobalSection
	GlobalSection(ProjectConfigurationPlatforms) = postSolution
		{5C1CDCA9-B4A0-4577-81E4-AE409CE0561A}.Debug|Any CPU.ActiveCfg = Debug|Any CPU
		{5C1CDCA9-B4A0-4577-81E4-AE409CE0561A}.Debug|Any CPU.Build.0 = Debug|Any CPU
		{5C1CDCA9-B4A0-4577-81E4-AE409CE0561A}.Release|Any CPU.ActiveCfg = Release|Any CPU
		{5C1CDCA9-B4A0-4577-81E4-AE409CE0561A}.Release|Any CPU.Build.0 = Release|Any CPU
	EndGlobalSection
	GlobalSection(SolutionProperties) = preSolution
		HideSolutionNode = FALSE
	EndGlobalSection
	GlobalSection(ExtensibilityGlobals) = postSolution
		SolutionGuid = {2DDC9CFC-8A56-466C-9289-507C5A35483D}
	EndGlobalSection
EndGlobal
